// !$*UTF8*$!
{
	archiveVersion = 1;
	classes = {
	};
	objectVersion = 46;
	objects = {

/* Begin PBXBuildFile section */
		25035D56176327AA00EF87EC /* MasterData.m in Sources */ = {isa = PBXBuildFile; fileRef = 25035D55176327AA00EF87EC /* MasterData.m */; };
		25035D5A1763414B00EF87EC /* masterdata in Resources */ = {isa = PBXBuildFile; fileRef = 25035D591763414B00EF87EC /* masterdata */; };
		25035D5D1763595F00EF87EC /* BeerMaster.m in Sources */ = {isa = PBXBuildFile; fileRef = 25035D5C1763595F00EF87EC /* BeerMaster.m */; };
		25035D60176359C000EF87EC /* BreweryMaster.m in Sources */ = {isa = PBXBuildFile; fileRef = 25035D5F176359C000EF87EC /* BreweryMaster.m */; };
		25035D63176359D600EF87EC /* BeerStyleMaster.m in Sources */ = {isa = PBXBuildFile; fileRef = 25035D62176359D600EF87EC /* BeerStyleMaster.m */; };
		25035D66176359F000EF87EC /* CountryMaster.m in Sources */ = {isa = PBXBuildFile; fileRef = 25035D65176359F000EF87EC /* CountryMaster.m */; };
		2532E02B17781E34007F96D9 /* TopViewController.m in Sources */ = {isa = PBXBuildFile; fileRef = 2532E02A17781E34007F96D9 /* TopViewController.m */; };
		2532E02E17782919007F96D9 /* twitter_logo_300x300.png in Resources */ = {isa = PBXBuildFile; fileRef = 2532E02C17782919007F96D9 /* twitter_logo_300x300.png */; };
		2532E02F17782919007F96D9 /* facebook_logo_100x100.png in Resources */ = {isa = PBXBuildFile; fileRef = 2532E02D17782919007F96D9 /* facebook_logo_100x100.png */; };
		2532E0341778389C007F96D9 /* QuartzCore.framework in Frameworks */ = {isa = PBXBuildFile; fileRef = 2532E0331778389C007F96D9 /* QuartzCore.framework */; };
		2532E03A177838D7007F96D9 /* SVProgressHUD.bundle in Resources */ = {isa = PBXBuildFile; fileRef = 2532E037177838D7007F96D9 /* SVProgressHUD.bundle */; };
		2532E03B177838D7007F96D9 /* SVProgressHUD.m in Sources */ = {isa = PBXBuildFile; fileRef = 2532E039177838D7007F96D9 /* SVProgressHUD.m */; };
		2564BDEC175DD85E0050391C /* BeerEntry.m in Sources */ = {isa = PBXBuildFile; fileRef = 2564BDEB175DD85E0050391C /* BeerEntry.m */; };
		2564BDEF175DDC3E0050391C /* Util.m in Sources */ = {isa = PBXBuildFile; fileRef = 2564BDEE175DDC3E0050391C /* Util.m */; };
		2564BDF2175DFB290050391C /* CoreDataUtil.m in Sources */ = {isa = PBXBuildFile; fileRef = 2564BDF1175DFB290050391C /* CoreDataUtil.m */; };
		25A2CAED17525B230022DD7C /* UIKit.framework in Frameworks */ = {isa = PBXBuildFile; fileRef = 25A2CAEC17525B230022DD7C /* UIKit.framework */; };
		25A2CAEF17525B230022DD7C /* Foundation.framework in Frameworks */ = {isa = PBXBuildFile; fileRef = 25A2CAEE17525B230022DD7C /* Foundation.framework */; };
		25A2CAF117525B230022DD7C /* CoreGraphics.framework in Frameworks */ = {isa = PBXBuildFile; fileRef = 25A2CAF017525B230022DD7C /* CoreGraphics.framework */; };
		25A2CAF317525B230022DD7C /* CoreData.framework in Frameworks */ = {isa = PBXBuildFile; fileRef = 25A2CAF217525B230022DD7C /* CoreData.framework */; };
		25A2CAF917525B230022DD7C /* InfoPlist.strings in Resources */ = {isa = PBXBuildFile; fileRef = 25A2CAF717525B230022DD7C /* InfoPlist.strings */; };
		25A2CAFB17525B230022DD7C /* main.m in Sources */ = {isa = PBXBuildFile; fileRef = 25A2CAFA17525B230022DD7C /* main.m */; };
		25A2CAFF17525B230022DD7C /* AppDelegate.m in Sources */ = {isa = PBXBuildFile; fileRef = 25A2CAFE17525B230022DD7C /* AppDelegate.m */; };
		25A2CB0117525B230022DD7C /* Default.png in Resources */ = {isa = PBXBuildFile; fileRef = 25A2CB0017525B230022DD7C /* Default.png */; };
		25A2CB0317525B230022DD7C /* Default@2x.png in Resources */ = {isa = PBXBuildFile; fileRef = 25A2CB0217525B230022DD7C /* Default@2x.png */; };
		25A2CB0517525B230022DD7C /* Default-568h@2x.png in Resources */ = {isa = PBXBuildFile; fileRef = 25A2CB0417525B230022DD7C /* Default-568h@2x.png */; };
		25A2CB0817525B230022DD7C /* beercolle.xcdatamodeld in Sources */ = {isa = PBXBuildFile; fileRef = 25A2CB0617525B230022DD7C /* beercolle.xcdatamodeld */; };
		25A2CB0B17525B230022DD7C /* MasterViewController.m in Sources */ = {isa = PBXBuildFile; fileRef = 25A2CB0A17525B230022DD7C /* MasterViewController.m */; };
		25A2CB0E17525B230022DD7C /* DetailViewController.m in Sources */ = {isa = PBXBuildFile; fileRef = 25A2CB0D17525B230022DD7C /* DetailViewController.m */; };
		25CD6C60176DCC7A0038637F /* Account.m in Sources */ = {isa = PBXBuildFile; fileRef = 25CD6C5F176DCBA60038637F /* Account.m */; };
		25CD6C62176DCE1A0038637F /* Social.framework in Frameworks */ = {isa = PBXBuildFile; fileRef = 25CD6C61176DCE1A0038637F /* Social.framework */; };
		25CD6C64176DCE3E0038637F /* Accounts.framework in Frameworks */ = {isa = PBXBuildFile; fileRef = 25CD6C63176DCE3E0038637F /* Accounts.framework */; };
		25CD6C67176DDACF0038637F /* Auth.m in Sources */ = {isa = PBXBuildFile; fileRef = 25CD6C66176DDACF0038637F /* Auth.m */; };
		25E1CBDC1762A83800758B9A /* BeerListCell.m in Sources */ = {isa = PBXBuildFile; fileRef = 25E1CBDB1762A83800758B9A /* BeerListCell.m */; };
		25E1CBDE1762AE4600758B9A /* sample-beer.png in Resources */ = {isa = PBXBuildFile; fileRef = 25E1CBDD1762AE4600758B9A /* sample-beer.png */; };
/* End PBXBuildFile section */

/* Begin PBXFileReference section */
		25035D54176327AA00EF87EC /* MasterData.h */ = {isa = PBXFileReference; fileEncoding = 4; lastKnownFileType = sourcecode.c.h; path = MasterData.h; sourceTree = "<group>"; };
		25035D55176327AA00EF87EC /* MasterData.m */ = {isa = PBXFileReference; fileEncoding = 4; lastKnownFileType = sourcecode.c.objc; path = MasterData.m; sourceTree = "<group>"; };
		25035D591763414B00EF87EC /* masterdata */ = {isa = PBXFileReference; lastKnownFileType = folder; path = masterdata; sourceTree = "<group>"; };
		25035D5B1763595F00EF87EC /* BeerMaster.h */ = {isa = PBXFileReference; fileEncoding = 4; lastKnownFileType = sourcecode.c.h; path = BeerMaster.h; sourceTree = "<group>"; };
		25035D5C1763595F00EF87EC /* BeerMaster.m */ = {isa = PBXFileReference; fileEncoding = 4; lastKnownFileType = sourcecode.c.objc; path = BeerMaster.m; sourceTree = "<group>"; };
		25035D5E176359C000EF87EC /* BreweryMaster.h */ = {isa = PBXFileReference; fileEncoding = 4; lastKnownFileType = sourcecode.c.h; path = BreweryMaster.h; sourceTree = "<group>"; };
		25035D5F176359C000EF87EC /* BreweryMaster.m */ = {isa = PBXFileReference; fileEncoding = 4; lastKnownFileType = sourcecode.c.objc; path = BreweryMaster.m; sourceTree = "<group>"; };
		25035D61176359D600EF87EC /* BeerStyleMaster.h */ = {isa = PBXFileReference; fileEncoding = 4; lastKnownFileType = sourcecode.c.h; path = BeerStyleMaster.h; sourceTree = "<group>"; };
		25035D62176359D600EF87EC /* BeerStyleMaster.m */ = {isa = PBXFileReference; fileEncoding = 4; lastKnownFileType = sourcecode.c.objc; path = BeerStyleMaster.m; sourceTree = "<group>"; };
		25035D64176359F000EF87EC /* CountryMaster.h */ = {isa = PBXFileReference; fileEncoding = 4; lastKnownFileType = sourcecode.c.h; path = CountryMaster.h; sourceTree = "<group>"; };
		25035D65176359F000EF87EC /* CountryMaster.m */ = {isa = PBXFileReference; fileEncoding = 4; lastKnownFileType = sourcecode.c.objc; path = CountryMaster.m; sourceTree = "<group>"; };
		2532E02917781E34007F96D9 /* TopViewController.h */ = {isa = PBXFileReference; fileEncoding = 4; lastKnownFileType = sourcecode.c.h; path = TopViewController.h; sourceTree = "<group>"; };
		2532E02A17781E34007F96D9 /* TopViewController.m */ = {isa = PBXFileReference; fileEncoding = 4; lastKnownFileType = sourcecode.c.objc; path = TopViewController.m; sourceTree = "<group>"; };
		2532E02C17782919007F96D9 /* twitter_logo_300x300.png */ = {isa = PBXFileReference; lastKnownFileType = image.png; path = twitter_logo_300x300.png; sourceTree = "<group>"; };
		2532E02D17782919007F96D9 /* facebook_logo_100x100.png */ = {isa = PBXFileReference; lastKnownFileType = image.png; path = facebook_logo_100x100.png; sourceTree = "<group>"; };
		2532E0331778389C007F96D9 /* QuartzCore.framework */ = {isa = PBXFileReference; lastKnownFileType = wrapper.framework; name = QuartzCore.framework; path = System/Library/Frameworks/QuartzCore.framework; sourceTree = SDKROOT; };
		2532E037177838D7007F96D9 /* SVProgressHUD.bundle */ = {isa = PBXFileReference; lastKnownFileType = "wrapper.plug-in"; path = SVProgressHUD.bundle; sourceTree = "<group>"; };
		2532E038177838D7007F96D9 /* SVProgressHUD.h */ = {isa = PBXFileReference; fileEncoding = 4; lastKnownFileType = sourcecode.c.h; path = SVProgressHUD.h; sourceTree = "<group>"; };
		2532E039177838D7007F96D9 /* SVProgressHUD.m */ = {isa = PBXFileReference; fileEncoding = 4; lastKnownFileType = sourcecode.c.objc; path = SVProgressHUD.m; sourceTree = "<group>"; };
		2564BDEA175DD85E0050391C /* BeerEntry.h */ = {isa = PBXFileReference; fileEncoding = 4; lastKnownFileType = sourcecode.c.h; path = BeerEntry.h; sourceTree = "<group>"; };
		2564BDEB175DD85E0050391C /* BeerEntry.m */ = {isa = PBXFileReference; fileEncoding = 4; lastKnownFileType = sourcecode.c.objc; path = BeerEntry.m; sourceTree = "<group>"; };
		2564BDED175DDC3E0050391C /* Util.h */ = {isa = PBXFileReference; fileEncoding = 4; lastKnownFileType = sourcecode.c.h; path = Util.h; sourceTree = "<group>"; };
		2564BDEE175DDC3E0050391C /* Util.m */ = {isa = PBXFileReference; fileEncoding = 4; lastKnownFileType = sourcecode.c.objc; path = Util.m; sourceTree = "<group>"; };
		2564BDF0175DFB290050391C /* CoreDataUtil.h */ = {isa = PBXFileReference; fileEncoding = 4; lastKnownFileType = sourcecode.c.h; path = CoreDataUtil.h; sourceTree = "<group>"; };
		2564BDF1175DFB290050391C /* CoreDataUtil.m */ = {isa = PBXFileReference; fileEncoding = 4; lastKnownFileType = sourcecode.c.objc; path = CoreDataUtil.m; sourceTree = "<group>"; };
		25A2CAE917525B230022DD7C /* beercolle.app */ = {isa = PBXFileReference; explicitFileType = wrapper.application; includeInIndex = 0; path = beercolle.app; sourceTree = BUILT_PRODUCTS_DIR; };
		25A2CAEC17525B230022DD7C /* UIKit.framework */ = {isa = PBXFileReference; lastKnownFileType = wrapper.framework; name = UIKit.framework; path = System/Library/Frameworks/UIKit.framework; sourceTree = SDKROOT; };
		25A2CAEE17525B230022DD7C /* Foundation.framework */ = {isa = PBXFileReference; lastKnownFileType = wrapper.framework; name = Foundation.framework; path = System/Library/Frameworks/Foundation.framework; sourceTree = SDKROOT; };
		25A2CAF017525B230022DD7C /* CoreGraphics.framework */ = {isa = PBXFileReference; lastKnownFileType = wrapper.framework; name = CoreGraphics.framework; path = System/Library/Frameworks/CoreGraphics.framework; sourceTree = SDKROOT; };
		25A2CAF217525B230022DD7C /* CoreData.framework */ = {isa = PBXFileReference; lastKnownFileType = wrapper.framework; name = CoreData.framework; path = System/Library/Frameworks/CoreData.framework; sourceTree = SDKROOT; };
		25A2CAF617525B230022DD7C /* beercolle-Info.plist */ = {isa = PBXFileReference; lastKnownFileType = text.plist.xml; path = "beercolle-Info.plist"; sourceTree = "<group>"; };
		25A2CAF817525B230022DD7C /* en */ = {isa = PBXFileReference; lastKnownFileType = text.plist.strings; name = en; path = en.lproj/InfoPlist.strings; sourceTree = "<group>"; };
		25A2CAFA17525B230022DD7C /* main.m */ = {isa = PBXFileReference; lastKnownFileType = sourcecode.c.objc; name = main.m; path = src/main.m; sourceTree = "<group>"; };
		25A2CAFC17525B230022DD7C /* beercolle-Prefix.pch */ = {isa = PBXFileReference; lastKnownFileType = sourcecode.c.h; path = "beercolle-Prefix.pch"; sourceTree = "<group>"; };
		25A2CAFD17525B230022DD7C /* AppDelegate.h */ = {isa = PBXFileReference; lastKnownFileType = sourcecode.c.h; path = AppDelegate.h; sourceTree = "<group>"; };
		25A2CAFE17525B230022DD7C /* AppDelegate.m */ = {isa = PBXFileReference; lastKnownFileType = sourcecode.c.objc; path = AppDelegate.m; sourceTree = "<group>"; };
		25A2CB0017525B230022DD7C /* Default.png */ = {isa = PBXFileReference; lastKnownFileType = image.png; path = Default.png; sourceTree = "<group>"; };
		25A2CB0217525B230022DD7C /* Default@2x.png */ = {isa = PBXFileReference; lastKnownFileType = image.png; path = "Default@2x.png"; sourceTree = "<group>"; };
		25A2CB0417525B230022DD7C /* Default-568h@2x.png */ = {isa = PBXFileReference; lastKnownFileType = image.png; path = "Default-568h@2x.png"; sourceTree = "<group>"; };
		25A2CB0717525B230022DD7C /* beercolle.xcdatamodel */ = {isa = PBXFileReference; lastKnownFileType = wrapper.xcdatamodel; path = beercolle.xcdatamodel; sourceTree = "<group>"; };
		25A2CB0917525B230022DD7C /* MasterViewController.h */ = {isa = PBXFileReference; lastKnownFileType = sourcecode.c.h; path = MasterViewController.h; sourceTree = "<group>"; };
		25A2CB0A17525B230022DD7C /* MasterViewController.m */ = {isa = PBXFileReference; lastKnownFileType = sourcecode.c.objc; path = MasterViewController.m; sourceTree = "<group>"; };
		25A2CB0C17525B230022DD7C /* DetailViewController.h */ = {isa = PBXFileReference; lastKnownFileType = sourcecode.c.h; path = DetailViewController.h; sourceTree = "<group>"; };
		25A2CB0D17525B230022DD7C /* DetailViewController.m */ = {isa = PBXFileReference; lastKnownFileType = sourcecode.c.objc; path = DetailViewController.m; sourceTree = "<group>"; };
		25CD6C5E176DCBA60038637F /* Account.h */ = {isa = PBXFileReference; lastKnownFileType = sourcecode.c.h; path = Account.h; sourceTree = "<group>"; };
		25CD6C5F176DCBA60038637F /* Account.m */ = {isa = PBXFileReference; lastKnownFileType = sourcecode.c.objc; path = Account.m; sourceTree = "<group>"; };
		25CD6C61176DCE1A0038637F /* Social.framework */ = {isa = PBXFileReference; lastKnownFileType = wrapper.framework; name = Social.framework; path = System/Library/Frameworks/Social.framework; sourceTree = SDKROOT; };
		25CD6C63176DCE3E0038637F /* Accounts.framework */ = {isa = PBXFileReference; lastKnownFileType = wrapper.framework; name = Accounts.framework; path = System/Library/Frameworks/Accounts.framework; sourceTree = SDKROOT; };
		25CD6C65176DDACF0038637F /* Auth.h */ = {isa = PBXFileReference; fileEncoding = 4; lastKnownFileType = sourcecode.c.h; path = Auth.h; sourceTree = "<group>"; };
		25CD6C66176DDACF0038637F /* Auth.m */ = {isa = PBXFileReference; fileEncoding = 4; lastKnownFileType = sourcecode.c.objc; path = Auth.m; sourceTree = "<group>"; };
		25E1CBDA1762A83800758B9A /* BeerListCell.h */ = {isa = PBXFileReference; fileEncoding = 4; lastKnownFileType = sourcecode.c.h; path = BeerListCell.h; sourceTree = "<group>"; };
		25E1CBDB1762A83800758B9A /* BeerListCell.m */ = {isa = PBXFileReference; fileEncoding = 4; lastKnownFileType = sourcecode.c.objc; path = BeerListCell.m; sourceTree = "<group>"; };
		25E1CBDD1762AE4600758B9A /* sample-beer.png */ = {isa = PBXFileReference; lastKnownFileType = image.png; path = "sample-beer.png"; sourceTree = "<group>"; };
/* End PBXFileReference section */

/* Begin PBXFrameworksBuildPhase section */
		25A2CAE617525B230022DD7C /* Frameworks */ = {
			isa = PBXFrameworksBuildPhase;
			buildActionMask = 2147483647;
			files = (
				2532E0341778389C007F96D9 /* QuartzCore.framework in Frameworks */,
				25CD6C64176DCE3E0038637F /* Accounts.framework in Frameworks */,
				25CD6C62176DCE1A0038637F /* Social.framework in Frameworks */,
				25A2CAED17525B230022DD7C /* UIKit.framework in Frameworks */,
				25A2CAEF17525B230022DD7C /* Foundation.framework in Frameworks */,
				25A2CAF117525B230022DD7C /* CoreGraphics.framework in Frameworks */,
				25A2CAF317525B230022DD7C /* CoreData.framework in Frameworks */,
			);
			runOnlyForDeploymentPostprocessing = 0;
		};
/* End PBXFrameworksBuildPhase section */

/* Begin PBXGroup section */
		2532E035177838D7007F96D9 /* vendor */ = {
			isa = PBXGroup;
			children = (
				2532E036177838D7007F96D9 /* SVProgressHUD */,
			);
			path = vendor;
			sourceTree = "<group>";
		};
		2532E036177838D7007F96D9 /* SVProgressHUD */ = {
			isa = PBXGroup;
			children = (
				2532E037177838D7007F96D9 /* SVProgressHUD.bundle */,
				2532E038177838D7007F96D9 /* SVProgressHUD.h */,
				2532E039177838D7007F96D9 /* SVProgressHUD.m */,
			);
			path = SVProgressHUD;
			sourceTree = "<group>";
		};
		2564BDDF175DA7C30050391C /* controllers */ = {
			isa = PBXGroup;
			children = (
				25A2CB0917525B230022DD7C /* MasterViewController.h */,
				25A2CB0A17525B230022DD7C /* MasterViewController.m */,
				25A2CB0C17525B230022DD7C /* DetailViewController.h */,
				25A2CB0D17525B230022DD7C /* DetailViewController.m */,
				2532E02917781E34007F96D9 /* TopViewController.h */,
				2532E02A17781E34007F96D9 /* TopViewController.m */,
			);
			path = controllers;
			sourceTree = "<group>";
		};
		2564BDE0175DA7CC0050391C /* models */ = {
			isa = PBXGroup;
			children = (
				25CD6C5E176DCBA60038637F /* Account.h */,
				25CD6C5F176DCBA60038637F /* Account.m */,
				25035D64176359F000EF87EC /* CountryMaster.h */,
				25035D65176359F000EF87EC /* CountryMaster.m */,
				25035D61176359D600EF87EC /* BeerStyleMaster.h */,
				25035D62176359D600EF87EC /* BeerStyleMaster.m */,
				25035D5E176359C000EF87EC /* BreweryMaster.h */,
				25035D5F176359C000EF87EC /* BreweryMaster.m */,
				2564BDEA175DD85E0050391C /* BeerEntry.h */,
				2564BDEB175DD85E0050391C /* BeerEntry.m */,
				25035D54176327AA00EF87EC /* MasterData.h */,
				25035D55176327AA00EF87EC /* MasterData.m */,
				25035D5B1763595F00EF87EC /* BeerMaster.h */,
				25035D5C1763595F00EF87EC /* BeerMaster.m */,
			);
			path = models;
			sourceTree = "<group>";
		};
		2564BDE1175DA7D10050391C /* views */ = {
			isa = PBXGroup;
			children = (
				25E1CBDA1762A83800758B9A /* BeerListCell.h */,
				25E1CBDB1762A83800758B9A /* BeerListCell.m */,
			);
			path = views;
			sourceTree = "<group>";
		};
		2564BDE2175DA8CA0050391C /* resources */ = {
			isa = PBXGroup;
			children = (
				25035D591763414B00EF87EC /* masterdata */,
				2564BDE3175DA8D30050391C /* img */,
			);
			path = resources;
			sourceTree = "<group>";
		};
		2564BDE3175DA8D30050391C /* img */ = {
			isa = PBXGroup;
			children = (
				2532E02C17782919007F96D9 /* twitter_logo_300x300.png */,
				2532E02D17782919007F96D9 /* facebook_logo_100x100.png */,
				25E1CBDD1762AE4600758B9A /* sample-beer.png */,
				25A2CB0017525B230022DD7C /* Default.png */,
				25A2CB0217525B230022DD7C /* Default@2x.png */,
				25A2CB0417525B230022DD7C /* Default-568h@2x.png */,
			);
			path = img;
			sourceTree = "<group>";
		};
		2564BDE4175DA92A0050391C /* src */ = {
			isa = PBXGroup;
			children = (
				2564BDE0175DA7CC0050391C /* models */,
				2564BDE1175DA7D10050391C /* views */,
				2564BDDF175DA7C30050391C /* controllers */,
				25A2CAFD17525B230022DD7C /* AppDelegate.h */,
				25A2CAFE17525B230022DD7C /* AppDelegate.m */,
				2564BDED175DDC3E0050391C /* Util.h */,
				2564BDEE175DDC3E0050391C /* Util.m */,
				2564BDF0175DFB290050391C /* CoreDataUtil.h */,
				2564BDF1175DFB290050391C /* CoreDataUtil.m */,
				25CD6C65176DDACF0038637F /* Auth.h */,
				25CD6C66176DDACF0038637F /* Auth.m */,
			);
			path = src;
			sourceTree = "<group>";
		};
		25A2CAE017525B230022DD7C = {
			isa = PBXGroup;
			children = (
				25A2CAF417525B230022DD7C /* beercolle */,
				25A2CAEB17525B230022DD7C /* Frameworks */,
				25A2CAEA17525B230022DD7C /* Products */,
			);
			sourceTree = "<group>";
		};
		25A2CAEA17525B230022DD7C /* Products */ = {
			isa = PBXGroup;
			children = (
				25A2CAE917525B230022DD7C /* beercolle.app */,
			);
			name = Products;
			sourceTree = "<group>";
		};
		25A2CAEB17525B230022DD7C /* Frameworks */ = {
			isa = PBXGroup;
			children = (
				2532E0331778389C007F96D9 /* QuartzCore.framework */,
				25CD6C63176DCE3E0038637F /* Accounts.framework */,
				25CD6C61176DCE1A0038637F /* Social.framework */,
				25A2CAEC17525B230022DD7C /* UIKit.framework */,
				25A2CAEE17525B230022DD7C /* Foundation.framework */,
				25A2CAF017525B230022DD7C /* CoreGraphics.framework */,
				25A2CAF217525B230022DD7C /* CoreData.framework */,
			);
			name = Frameworks;
			sourceTree = "<group>";
		};
		25A2CAF417525B230022DD7C /* beercolle */ = {
			isa = PBXGroup;
			children = (
				2564BDE4175DA92A0050391C /* src */,
				2532E035177838D7007F96D9 /* vendor */,
				25A2CAF517525B230022DD7C /* Supporting Files */,
			);
			path = beercolle;
			sourceTree = "<group>";
		};
		25A2CAF517525B230022DD7C /* Supporting Files */ = {
			isa = PBXGroup;
			children = (
				2564BDE2175DA8CA0050391C /* resources */,
				25A2CB0617525B230022DD7C /* beercolle.xcdatamodeld */,
				25A2CAF617525B230022DD7C /* beercolle-Info.plist */,
				25A2CAF717525B230022DD7C /* InfoPlist.strings */,
				25A2CAFA17525B230022DD7C /* main.m */,
				25A2CAFC17525B230022DD7C /* beercolle-Prefix.pch */,
			);
			name = "Supporting Files";
			sourceTree = "<group>";
		};
/* End PBXGroup section */

/* Begin PBXNativeTarget section */
		25A2CAE817525B230022DD7C /* beercolle */ = {
			isa = PBXNativeTarget;
			buildConfigurationList = 25A2CB1717525B230022DD7C /* Build configuration list for PBXNativeTarget "beercolle" */;
			buildPhases = (
				25A2CAE517525B230022DD7C /* Sources */,
				25A2CAE617525B230022DD7C /* Frameworks */,
				25A2CAE717525B230022DD7C /* Resources */,
			);
			buildRules = (
			);
			dependencies = (
			);
			name = beercolle;
			productName = beercolle;
			productReference = 25A2CAE917525B230022DD7C /* beercolle.app */;
			productType = "com.apple.product-type.application";
		};
/* End PBXNativeTarget section */

/* Begin PBXProject section */
		25A2CAE117525B230022DD7C /* Project object */ = {
			isa = PBXProject;
			attributes = {
				LastUpgradeCheck = 0460;
				ORGANIZATIONNAME = "Furuyama Yuuki";
			};
			buildConfigurationList = 25A2CAE417525B230022DD7C /* Build configuration list for PBXProject "beercolle" */;
			compatibilityVersion = "Xcode 3.2";
			developmentRegion = English;
			hasScannedForEncodings = 0;
			knownRegions = (
				en,
			);
			mainGroup = 25A2CAE017525B230022DD7C;
			productRefGroup = 25A2CAEA17525B230022DD7C /* Products */;
			projectDirPath = "";
			projectRoot = "";
			targets = (
				25A2CAE817525B230022DD7C /* beercolle */,
			);
		};
/* End PBXProject section */

/* Begin PBXResourcesBuildPhase section */
		25A2CAE717525B230022DD7C /* Resources */ = {
			isa = PBXResourcesBuildPhase;
			buildActionMask = 2147483647;
			files = (
				25A2CAF917525B230022DD7C /* InfoPlist.strings in Resources */,
				25A2CB0117525B230022DD7C /* Default.png in Resources */,
				25A2CB0317525B230022DD7C /* Default@2x.png in Resources */,
				25A2CB0517525B230022DD7C /* Default-568h@2x.png in Resources */,
				25E1CBDE1762AE4600758B9A /* sample-beer.png in Resources */,
				25035D5A1763414B00EF87EC /* masterdata in Resources */,
				2532E02E17782919007F96D9 /* twitter_logo_300x300.png in Resources */,
				2532E02F17782919007F96D9 /* facebook_logo_100x100.png in Resources */,
				2532E03A177838D7007F96D9 /* SVProgressHUD.bundle in Resources */,
			);
			runOnlyForDeploymentPostprocessing = 0;
		};
/* End PBXResourcesBuildPhase section */

/* Begin PBXSourcesBuildPhase section */
		25A2CAE517525B230022DD7C /* Sources */ = {
			isa = PBXSourcesBuildPhase;
			buildActionMask = 2147483647;
			files = (
				25CD6C60176DCC7A0038637F /* Account.m in Sources */,
				25A2CAFB17525B230022DD7C /* main.m in Sources */,
				25A2CAFF17525B230022DD7C /* AppDelegate.m in Sources */,
				25A2CB0817525B230022DD7C /* beercolle.xcdatamodeld in Sources */,
				25A2CB0B17525B230022DD7C /* MasterViewController.m in Sources */,
				25A2CB0E17525B230022DD7C /* DetailViewController.m in Sources */,
				2564BDEC175DD85E0050391C /* BeerEntry.m in Sources */,
				2564BDEF175DDC3E0050391C /* Util.m in Sources */,
				2564BDF2175DFB290050391C /* CoreDataUtil.m in Sources */,
				25E1CBDC1762A83800758B9A /* BeerListCell.m in Sources */,
				25035D56176327AA00EF87EC /* MasterData.m in Sources */,
				25035D5D1763595F00EF87EC /* BeerMaster.m in Sources */,
				25035D60176359C000EF87EC /* BreweryMaster.m in Sources */,
				25035D63176359D600EF87EC /* BeerStyleMaster.m in Sources */,
				25035D66176359F000EF87EC /* CountryMaster.m in Sources */,
				25CD6C67176DDACF0038637F /* Auth.m in Sources */,
				2532E02B17781E34007F96D9 /* TopViewController.m in Sources */,
				2532E03B177838D7007F96D9 /* SVProgressHUD.m in Sources */,
			);
			runOnlyForDeploymentPostprocessing = 0;
		};
/* End PBXSourcesBuildPhase section */

/* Begin PBXVariantGroup section */
		25A2CAF717525B230022DD7C /* InfoPlist.strings */ = {
			isa = PBXVariantGroup;
			children = (
				25A2CAF817525B230022DD7C /* en */,
			);
			name = InfoPlist.strings;
			sourceTree = "<group>";
		};
/* End PBXVariantGroup section */

/* Begin XCBuildConfiguration section */
		25A2CB1517525B230022DD7C /* Debug */ = {
			isa = XCBuildConfiguration;
			buildSettings = {
				ALWAYS_SEARCH_USER_PATHS = NO;
				CLANG_CXX_LANGUAGE_STANDARD = "gnu++0x";
				CLANG_CXX_LIBRARY = "libc++";
				CLANG_ENABLE_OBJC_ARC = YES;
				CLANG_WARN_CONSTANT_CONVERSION = YES;
				CLANG_WARN_EMPTY_BODY = YES;
				CLANG_WARN_ENUM_CONVERSION = YES;
				CLANG_WARN_INT_CONVERSION = YES;
				CLANG_WARN__DUPLICATE_METHOD_MATCH = YES;
				"CODE_SIGN_IDENTITY[sdk=iphoneos*]" = "iPhone Developer";
				COPY_PHASE_STRIP = NO;
				GCC_C_LANGUAGE_STANDARD = gnu99;
				GCC_DYNAMIC_NO_PIC = NO;
				GCC_OPTIMIZATION_LEVEL = 0;
				GCC_PREPROCESSOR_DEFINITIONS = (
					"DEBUG=1",
					"$(inherited)",
				);
				GCC_SYMBOLS_PRIVATE_EXTERN = NO;
				GCC_WARN_ABOUT_RETURN_TYPE = YES;
				GCC_WARN_UNINITIALIZED_AUTOS = YES;
				GCC_WARN_UNUSED_VARIABLE = YES;
				IPHONEOS_DEPLOYMENT_TARGET = 6.1;
				ONLY_ACTIVE_ARCH = YES;
				SDKROOT = iphoneos;
			};
			name = Debug;
		};
		25A2CB1617525B230022DD7C /* Release */ = {
			isa = XCBuildConfiguration;
			buildSettings = {
				ALWAYS_SEARCH_USER_PATHS = NO;
				CLANG_CXX_LANGUAGE_STANDARD = "gnu++0x";
				CLANG_CXX_LIBRARY = "libc++";
				CLANG_ENABLE_OBJC_ARC = YES;
				CLANG_WARN_CONSTANT_CONVERSION = YES;
				CLANG_WARN_EMPTY_BODY = YES;
				CLANG_WARN_ENUM_CONVERSION = YES;
				CLANG_WARN_INT_CONVERSION = YES;
				CLANG_WARN__DUPLICATE_METHOD_MATCH = YES;
				"CODE_SIGN_IDENTITY[sdk=iphoneos*]" = "iPhone Developer";
				COPY_PHASE_STRIP = YES;
				GCC_C_LANGUAGE_STANDARD = gnu99;
				GCC_WARN_ABOUT_RETURN_TYPE = YES;
				GCC_WARN_UNINITIALIZED_AUTOS = YES;
				GCC_WARN_UNUSED_VARIABLE = YES;
				IPHONEOS_DEPLOYMENT_TARGET = 6.1;
				OTHER_CFLAGS = "-DNS_BLOCK_ASSERTIONS=1";
				SDKROOT = iphoneos;
				VALIDATE_PRODUCT = YES;
			};
			name = Release;
		};
		25A2CB1817525B230022DD7C /* Debug */ = {
			isa = XCBuildConfiguration;
			buildSettings = {
				GCC_PRECOMPILE_PREFIX_HEADER = YES;
				GCC_PREFIX_HEADER = "beercolle/beercolle-Prefix.pch";
				INFOPLIST_FILE = "beercolle/beercolle-Info.plist";
				PRODUCT_NAME = "$(TARGET_NAME)";
				WRAPPER_EXTENSION = app;
			};
			name = Debug;
		};
		25A2CB1917525B230022DD7C /* Release */ = {
			isa = XCBuildConfiguration;
			buildSettings = {
				GCC_PRECOMPILE_PREFIX_HEADER = YES;
				GCC_PREFIX_HEADER = "beercolle/beercolle-Prefix.pch";
				INFOPLIST_FILE = "beercolle/beercolle-Info.plist";
				PRODUCT_NAME = "$(TARGET_NAME)";
				WRAPPER_EXTENSION = app;
			};
			name = Release;
		};
/* End XCBuildConfiguration section */

/* Begin XCConfigurationList section */
		25A2CAE417525B230022DD7C /* Build configuration list for PBXProject "beercolle" */ = {
			isa = XCConfigurationList;
			buildConfigurations = (
				25A2CB1517525B230022DD7C /* Debug */,
				25A2CB1617525B230022DD7C /* Release */,
			);
			defaultConfigurationIsVisible = 0;
			defaultConfigurationName = Release;
		};
		25A2CB1717525B230022DD7C /* Build configuration list for PBXNativeTarget "beercolle" */ = {
			isa = XCConfigurationList;
			buildConfigurations = (
				25A2CB1817525B230022DD7C /* Debug */,
				25A2CB1917525B230022DD7C /* Release */,
			);
			defaultConfigurationIsVisible = 0;
			defaultConfigurationName = Release;
		};
/* End XCConfigurationList section */

/* Begin XCVersionGroup section */
		25A2CB0617525B230022DD7C /* beercolle.xcdatamodeld */ = {
			isa = XCVersionGroup;
			children = (
				25A2CB0717525B230022DD7C /* beercolle.xcdatamodel */,
			);
			currentVersion = 25A2CB0717525B230022DD7C /* beercolle.xcdatamodel */;
			path = beercolle.xcdatamodeld;
			sourceTree = "<group>";
			versionGroupType = wrapper.xcdatamodel;
		};
/* End XCVersionGroup section */
	};
	rootObject = 25A2CAE117525B230022DD7C /* Project object */;
}
